
Microsoft Visual Studio Solution File, Format Version 12.00
# Visual Studio Version 17
VisualStudioVersion = 17.3.32825.248
MinimumVisualStudioVersion = 10.0.40219.1
Project("{FAE04EC0-301F-11D3-BF4B-00C04F79EFBC}") = "Tarea1", "Tarea1\Tarea1.csproj", "{0FCF2AB8-73FA-4198-B16A-747BD5825803}"
EndProject
Global
	GlobalSection(SolutionConfigurationPlatforms) = preSolution
		Debug|Any CPU = Debug|Any CPU
		Release|Any CPU = Release|Any CPU
	EndGlobalSection
	GlobalSection(ProjectConfigurationPlatforms) = postSolution
		{0FCF2AB8-73FA-4198-B16A-747BD5825803}.Debug|Any CPU.ActiveCfg = Debug|Any CPU
		{0FCF2AB8-73FA-4198-B16A-747BD5825803}.Debug|Any CPU.Build.0 = Debug|Any CPU
		{0FCF2AB8-73FA-4198-B16A-747BD5825803}.Release|Any CPU.ActiveCfg = Release|Any CPU
		{0FCF2AB8-73FA-4198-B16A-747BD5825803}.Release|Any CPU.Build.0 = Release|Any CPU
	EndGlobalSection
	GlobalSection(SolutionProperties) = preSolution
		HideSolutionNode = FALSE
	EndGlobalSection
	GlobalSection(ExtensibilityGlobals) = postSolution
		SolutionGuid = {87AE47F0-4316-4C07-B9AD-13F6605E42A5}
	EndGlobalSection
EndGlobal
